
Microsoft Visual Studio Solution File, Format Version 12.00
# Visual Studio Version 16
VisualStudioVersion = 16.0.32126.315
MinimumVisualStudioVersion = 10.0.40219.1
Project("{FAE04EC0-301F-11D3-BF4B-00C04F79EFBC}") = "SaheMethod", "SaheMethod\SaheMethod.csproj", "{D080309E-742A-4169-B51D-5161C61C6F66}"
EndProject
Global
	GlobalSection(SolutionConfigurationPlatforms) = preSolution
		Debug|Any CPU = Debug|Any CPU
		Release|Any CPU = Release|Any CPU
	EndGlobalSection
	GlobalSection(ProjectConfigurationPlatforms) = postSolution
		{D080309E-742A-4169-B51D-5161C61C6F66}.Debug|Any CPU.ActiveCfg = Debug|Any CPU
		{D080309E-742A-4169-B51D-5161C61C6F66}.Debug|Any CPU.Build.0 = Debug|Any CPU
		{D080309E-742A-4169-B51D-5161C61C6F66}.Release|Any CPU.ActiveCfg = Release|Any CPU
		{D080309E-742A-4169-B51D-5161C61C6F66}.Release|Any CPU.Build.0 = Release|Any CPU
	EndGlobalSection
	GlobalSection(SolutionProperties) = preSolution
		HideSolutionNode = FALSE
	EndGlobalSection
	GlobalSection(ExtensibilityGlobals) = postSolution
		SolutionGuid = {F1855A3C-BA7A-4F35-928E-83BAE25C94D5}
	EndGlobalSection
EndGlobal
