
Microsoft Visual Studio Solution File, Format Version 12.00
# Visual Studio Version 16
VisualStudioVersion = 16.0.32126.315
MinimumVisualStudioVersion = 10.0.40219.1
Project("{FAE04EC0-301F-11D3-BF4B-00C04F79EFBC}") = "VowelLetterMethod", "VowelLetterMethod\VowelLetterMethod.csproj", "{A27392B5-CF79-422A-988F-FE446E1764A8}"
EndProject
Global
	GlobalSection(SolutionConfigurationPlatforms) = preSolution
		Debug|Any CPU = Debug|Any CPU
		Release|Any CPU = Release|Any CPU
	EndGlobalSection
	GlobalSection(ProjectConfigurationPlatforms) = postSolution
		{A27392B5-CF79-422A-988F-FE446E1764A8}.Debug|Any CPU.ActiveCfg = Debug|Any CPU
		{A27392B5-CF79-422A-988F-FE446E1764A8}.Debug|Any CPU.Build.0 = Debug|Any CPU
		{A27392B5-CF79-422A-988F-FE446E1764A8}.Release|Any CPU.ActiveCfg = Release|Any CPU
		{A27392B5-CF79-422A-988F-FE446E1764A8}.Release|Any CPU.Build.0 = Release|Any CPU
	EndGlobalSection
	GlobalSection(SolutionProperties) = preSolution
		HideSolutionNode = FALSE
	EndGlobalSection
	GlobalSection(ExtensibilityGlobals) = postSolution
		SolutionGuid = {1AC07F04-548A-4F2B-B608-9FDE0A98DE0B}
	EndGlobalSection
EndGlobal
